{
    "version": 3,
    "terraform_version": "0.11.13",
    "serial": 7,
    "lineage": "987caee3-d21b-7217-1c6b-29ab0acb2f92",
    "modules": [
        {
            "path": [
                "root"
            ],
            "outputs": {},
            "resources": {
                "docker_container.blog_container": {
                    "type": "docker_container",
                    "depends_on": [
                        "docker_container.mysql_container",
                        "docker_image.ghost_image",
                        "docker_network.private_bridge_network",
                        "docker_network.public_bridge_network",
                        "null_resource.sleep"
                    ],
                    "primary": {
                        "id": "c5aa51bc24b04e22ba9e06aeb33a1e9a3ecc7610a1f336803df7f0634b7c0341",
                        "attributes": {
                            "attach": "false",
                            "bridge": "",
                            "command.#": "2",
                            "command.0": "node",
                            "command.1": "current/index.js",
                            "cpu_set": "",
                            "cpu_shares": "0",
                            "devices.#": "0",
                            "dns.#": "0",
                            "dns_opts.#": "0",
                            "dns_search.#": "0",
                            "domainname": "",
                            "entrypoint.#": "1",
                            "entrypoint.0": "docker-entrypoint.sh",
                            "env.#": "13",
                            "env.152749189": "GHOST_CLI_VERSION=1.13.1",
                            "env.1621887697": "NODE_VERSION=12.16.2",
                            "env.1827816": "PATH=/usr/local/sbin:/usr/local/bin:/usr/sbin:/usr/bin:/sbin:/bin",
                            "env.1834585415": "NODE_ENV=production",
                            "env.2078383701": "YARN_VERSION=1.22.4",
                            "env.2388452163": "GHOST_INSTALL=/var/lib/ghost",
                            "env.286725789": "database__connection__user=root",
                            "env.2975949015": "database__client=mysql",
                            "env.3083349939": "database__connection__password=P4sSw0rd0!",
                            "env.3457303461": "database__connection__host=db",
                            "env.3760825227": "database__connection__database=ghost",
                            "env.3819650523": "GHOST_CONTENT=/var/lib/ghost/content",
                            "env.4075085161": "GHOST_VERSION=3.13.3",
                            "gateway": "172.24.0.1",
                            "group_add.#": "0",
                            "host.#": "0",
                            "hostname": "c5aa51bc24b0",
                            "id": "c5aa51bc24b04e22ba9e06aeb33a1e9a3ecc7610a1f336803df7f0634b7c0341",
                            "image": "sha256:352271b44b88c29793db5d23aab59303426c8697fc09f0e9fda95f4eb59d25c7",
                            "ip_address": "172.24.0.3",
                            "ip_prefix_length": "16",
                            "ipc_mode": "private",
                            "labels.#": "0",
                            "links.#": "0",
                            "log_driver": "json-file",
                            "log_opts.%": "0",
                            "logs": "false",
                            "max_retry_count": "0",
                            "memory": "0",
                            "memory_swap": "0",
                            "mounts.#": "0",
                            "must_run": "true",
                            "name": "ghost_blog",
                            "network_data.#": "2",
                            "network_data.0.gateway": "172.24.0.1",
                            "network_data.0.ip_address": "172.24.0.3",
                            "network_data.0.ip_prefix_length": "16",
                            "network_data.0.network_name": "ghost_mysql_internal",
                            "network_data.1.gateway": "172.23.0.1",
                            "network_data.1.ip_address": "172.23.0.2",
                            "network_data.1.ip_prefix_length": "16",
                            "network_data.1.network_name": "public_ghost_network",
                            "network_mode": "default",
                            "networks_advanced.#": "2",
                            "networks_advanced.2661868645.aliases.#": "1",
                            "networks_advanced.2661868645.aliases.55808161": "ghost",
                            "networks_advanced.2661868645.ipv4_address": "",
                            "networks_advanced.2661868645.ipv6_address": "",
                            "networks_advanced.2661868645.name": "public_ghost_network",
                            "networks_advanced.3593933736.aliases.#": "1",
                            "networks_advanced.3593933736.aliases.55808161": "ghost",
                            "networks_advanced.3593933736.ipv4_address": "",
                            "networks_advanced.3593933736.ipv6_address": "",
                            "networks_advanced.3593933736.name": "ghost_mysql_internal",
                            "pid_mode": "",
                            "ports.#": "1",
                            "ports.0.external": "8082",
                            "ports.0.internal": "2368",
                            "ports.0.ip": "0.0.0.0",
                            "ports.0.protocol": "tcp",
                            "privileged": "false",
                            "publish_all_ports": "false",
                            "read_only": "false",
                            "restart": "no",
                            "rm": "false",
                            "shm_size": "64",
                            "start": "true",
                            "sysctls.%": "0",
                            "tmpfs.%": "0",
                            "ulimit.#": "0",
                            "user": "",
                            "userns_mode": "",
                            "working_dir": "/var/lib/ghost"
                        },
                        "meta": {
                            "schema_version": "2"
                        },
                        "tainted": false
                    },
                    "deposed": [],
                    "provider": "provider.docker"
                },
                "docker_container.mysql_container": {
                    "type": "docker_container",
                    "depends_on": [
                        "docker_image.mysql_image",
                        "docker_network.private_bridge_network",
                        "docker_volume.mysql_data_volume"
                    ],
                    "primary": {
                        "id": "5c9f38346d5333f84c2e9153a63f6f6d1ef77fef7c383e301ce94bb51ee0def7",
                        "attributes": {
                            "attach": "false",
                            "bridge": "",
                            "command.#": "1",
                            "command.0": "mysqld",
                            "cpu_set": "",
                            "cpu_shares": "0",
                            "devices.#": "0",
                            "dns.#": "0",
                            "dns_opts.#": "0",
                            "dns_search.#": "0",
                            "domainname": "",
                            "entrypoint.#": "1",
                            "entrypoint.0": "docker-entrypoint.sh",
                            "env.#": "5",
                            "env.1827816": "PATH=/usr/local/sbin:/usr/local/bin:/usr/sbin:/usr/bin:/sbin:/bin",
                            "env.1963307837": "MYSQL_ROOT_PASSWORD=P4sSw0rd0!",
                            "env.3938428504": "MYSQL_MAJOR=5.7",
                            "env.415414491": "GOSU_VERSION=1.12",
                            "env.87922481": "MYSQL_VERSION=5.7.29-1debian10",
                            "gateway": "172.24.0.1",
                            "group_add.#": "0",
                            "host.#": "0",
                            "hostname": "5c9f38346d53",
                            "id": "5c9f38346d5333f84c2e9153a63f6f6d1ef77fef7c383e301ce94bb51ee0def7",
                            "image": "sha256:273c7fcf949948fcbc5759042b26c65555803bbe8c9f73944fe6d9dd9d37dc6f",
                            "ip_address": "172.24.0.2",
                            "ip_prefix_length": "16",
                            "ipc_mode": "private",
                            "labels.#": "0",
                            "links.#": "0",
                            "log_driver": "json-file",
                            "log_opts.%": "0",
                            "logs": "false",
                            "max_retry_count": "0",
                            "memory": "0",
                            "memory_swap": "0",
                            "mounts.#": "0",
                            "must_run": "true",
                            "name": "ghost_database",
                            "network_data.#": "1",
                            "network_data.0.gateway": "172.24.0.1",
                            "network_data.0.ip_address": "172.24.0.2",
                            "network_data.0.ip_prefix_length": "16",
                            "network_data.0.network_name": "ghost_mysql_internal",
                            "network_mode": "default",
                            "networks_advanced.#": "1",
                            "networks_advanced.2205594070.aliases.#": "1",
                            "networks_advanced.2205594070.aliases.3824466984": "db",
                            "networks_advanced.2205594070.ipv4_address": "",
                            "networks_advanced.2205594070.ipv6_address": "",
                            "networks_advanced.2205594070.name": "ghost_mysql_internal",
                            "pid_mode": "",
                            "ports.#": "0",
                            "privileged": "false",
                            "publish_all_ports": "false",
                            "read_only": "false",
                            "restart": "no",
                            "rm": "false",
                            "shm_size": "64",
                            "start": "true",
                            "sysctls.%": "0",
                            "tmpfs.%": "0",
                            "ulimit.#": "0",
                            "user": "",
                            "userns_mode": "",
                            "volumes.#": "1",
                            "volumes.2351606827.container_path": "/var/lib/mysql",
                            "volumes.2351606827.from_container": "",
                            "volumes.2351606827.host_path": "",
                            "volumes.2351606827.read_only": "false",
                            "volumes.2351606827.volume_name": "mysql_data",
                            "working_dir": ""
                        },
                        "meta": {
                            "schema_version": "2"
                        },
                        "tainted": false
                    },
                    "deposed": [],
                    "provider": "provider.docker"
                },
                "docker_image.ghost_image": {
                    "type": "docker_image",
                    "depends_on": [],
                    "primary": {
                        "id": "sha256:352271b44b88c29793db5d23aab59303426c8697fc09f0e9fda95f4eb59d25c7ghost:alpine",
                        "attributes": {
                            "id": "sha256:352271b44b88c29793db5d23aab59303426c8697fc09f0e9fda95f4eb59d25c7ghost:alpine",
                            "latest": "sha256:352271b44b88c29793db5d23aab59303426c8697fc09f0e9fda95f4eb59d25c7",
                            "name": "ghost:alpine"
                        },
                        "meta": {},
                        "tainted": false
                    },
                    "deposed": [],
                    "provider": "provider.docker"
                },
                "docker_image.mysql_image": {
                    "type": "docker_image",
                    "depends_on": [],
                    "primary": {
                        "id": "sha256:273c7fcf949948fcbc5759042b26c65555803bbe8c9f73944fe6d9dd9d37dc6fmysql:5.7",
                        "attributes": {
                            "id": "sha256:273c7fcf949948fcbc5759042b26c65555803bbe8c9f73944fe6d9dd9d37dc6fmysql:5.7",
                            "latest": "sha256:273c7fcf949948fcbc5759042b26c65555803bbe8c9f73944fe6d9dd9d37dc6f",
                            "name": "mysql:5.7"
                        },
                        "meta": {},
                        "tainted": false
                    },
                    "deposed": [],
                    "provider": "provider.docker"
                },
                "docker_network.private_bridge_network": {
                    "type": "docker_network",
                    "depends_on": [],
                    "primary": {
                        "id": "24abe4de5fac35b35720e16b9aa0653d7a5ae936f4ba37cde84e241d9ba9b89a",
                        "attributes": {
                            "attachable": "false",
                            "driver": "bridge",
                            "id": "24abe4de5fac35b35720e16b9aa0653d7a5ae936f4ba37cde84e241d9ba9b89a",
                            "ingress": "false",
                            "internal": "true",
                            "ipam_config.#": "1",
                            "ipam_config.211075537.aux_address.%": "0",
                            "ipam_config.211075537.gateway": "172.24.0.1",
                            "ipam_config.211075537.ip_range": "",
                            "ipam_config.211075537.subnet": "172.24.0.0/16",
                            "ipam_driver": "default",
                            "ipv6": "false",
                            "labels.#": "0",
                            "name": "ghost_mysql_internal",
                            "options.%": "0",
                            "scope": "local"
                        },
                        "meta": {
                            "schema_version": "1"
                        },
                        "tainted": false
                    },
                    "deposed": [],
                    "provider": "provider.docker"
                },
                "docker_network.public_bridge_network": {
                    "type": "docker_network",
                    "depends_on": [],
                    "primary": {
                        "id": "7eb1f3234da8ff989dc206c99ee2120c0640a6ad0d088d1d76d6a99a5161e986",
                        "attributes": {
                            "attachable": "false",
                            "driver": "bridge",
                            "id": "7eb1f3234da8ff989dc206c99ee2120c0640a6ad0d088d1d76d6a99a5161e986",
                            "ingress": "false",
                            "internal": "false",
                            "ipam_config.#": "1",
                            "ipam_config.1556596167.aux_address.%": "0",
                            "ipam_config.1556596167.gateway": "172.23.0.1",
                            "ipam_config.1556596167.ip_range": "",
                            "ipam_config.1556596167.subnet": "172.23.0.0/16",
                            "ipam_driver": "default",
                            "ipv6": "false",
                            "labels.#": "0",
                            "name": "public_ghost_network",
                            "options.%": "0",
                            "scope": "local"
                        },
                        "meta": {
                            "schema_version": "1"
                        },
                        "tainted": false
                    },
                    "deposed": [],
                    "provider": "provider.docker"
                },
                "docker_volume.mysql_data_volume": {
                    "type": "docker_volume",
                    "depends_on": [],
                    "primary": {
                        "id": "mysql_data",
                        "attributes": {
                            "driver": "local",
                            "driver_opts.%": "0",
                            "id": "mysql_data",
                            "labels.#": "0",
                            "mountpoint": "/var/lib/docker/volumes/mysql_data/_data",
                            "name": "mysql_data"
                        },
                        "meta": {
                            "schema_version": "1"
                        },
                        "tainted": false
                    },
                    "deposed": [],
                    "provider": "provider.docker"
                },
                "null_resource.sleep": {
                    "type": "null_resource",
                    "depends_on": [
                        "docker_container.mysql_container"
                    ],
                    "primary": {
                        "id": "7388573279030746794",
                        "attributes": {
                            "id": "7388573279030746794"
                        },
                        "meta": {},
                        "tainted": false
                    },
                    "deposed": [],
                    "provider": "provider.null"
                }
            },
            "depends_on": []
        }
    ]
}
