{
    "version": 3,
    "terraform_version": "0.11.13",
    "serial": 5,
    "lineage": "987caee3-d21b-7217-1c6b-29ab0acb2f92",
    "modules": [
        {
            "path": [
                "root"
            ],
            "outputs": {},
            "resources": {
                "docker_container.blog_container": {
                    "type": "docker_container",
                    "depends_on": [
                        "docker_container.mysql_container",
                        "docker_image.ghost_image",
                        "docker_network.private_bridge_network",
                        "docker_network.public_bridge_network",
                        "null_resource.sleep"
                    ],
                    "primary": {
                        "id": "221c45d7c21ab4af2b5e291aa063e3f252bbaaa1e3969961a99612b81f24711b",
                        "attributes": {
                            "attach": "false",
                            "bridge": "",
                            "command.#": "2",
                            "command.0": "node",
                            "command.1": "current/index.js",
                            "cpu_set": "",
                            "cpu_shares": "0",
                            "devices.#": "0",
                            "dns.#": "0",
                            "dns_opts.#": "0",
                            "dns_search.#": "0",
                            "domainname": "",
                            "entrypoint.#": "1",
                            "entrypoint.0": "docker-entrypoint.sh",
                            "env.#": "13",
                            "env.152749189": "GHOST_CLI_VERSION=1.13.1",
                            "env.1621887697": "NODE_VERSION=12.16.2",
                            "env.1827816": "PATH=/usr/local/sbin:/usr/local/bin:/usr/sbin:/usr/bin:/sbin:/bin",
                            "env.1834585415": "NODE_ENV=production",
                            "env.2078383701": "YARN_VERSION=1.22.4",
                            "env.2388452163": "GHOST_INSTALL=/var/lib/ghost",
                            "env.286725789": "database__connection__user=root",
                            "env.2975949015": "database__client=mysql",
                            "env.3083349939": "database__connection__password=P4sSw0rd0!",
                            "env.3457303461": "database__connection__host=db",
                            "env.3760825227": "database__connection__database=ghost",
                            "env.3819650523": "GHOST_CONTENT=/var/lib/ghost/content",
                            "env.4075085161": "GHOST_VERSION=3.13.3",
                            "gateway": "172.22.0.1",
                            "group_add.#": "0",
                            "host.#": "0",
                            "hostname": "221c45d7c21a",
                            "id": "221c45d7c21ab4af2b5e291aa063e3f252bbaaa1e3969961a99612b81f24711b",
                            "image": "sha256:352271b44b88c29793db5d23aab59303426c8697fc09f0e9fda95f4eb59d25c7",
                            "ip_address": "172.22.0.3",
                            "ip_prefix_length": "16",
                            "ipc_mode": "private",
                            "labels.#": "0",
                            "links.#": "0",
                            "log_driver": "json-file",
                            "log_opts.%": "0",
                            "logs": "false",
                            "max_retry_count": "0",
                            "memory": "0",
                            "memory_swap": "0",
                            "mounts.#": "0",
                            "must_run": "true",
                            "name": "ghost_blog",
                            "network_data.#": "2",
                            "network_data.0.gateway": "172.22.0.1",
                            "network_data.0.ip_address": "172.22.0.3",
                            "network_data.0.ip_prefix_length": "16",
                            "network_data.0.network_name": "ghost_mysql_internal",
                            "network_data.1.gateway": "172.21.0.1",
                            "network_data.1.ip_address": "172.21.0.2",
                            "network_data.1.ip_prefix_length": "16",
                            "network_data.1.network_name": "public_ghost_network",
                            "network_mode": "default",
                            "networks_advanced.#": "2",
                            "networks_advanced.2661868645.aliases.#": "1",
                            "networks_advanced.2661868645.aliases.55808161": "ghost",
                            "networks_advanced.2661868645.ipv4_address": "",
                            "networks_advanced.2661868645.ipv6_address": "",
                            "networks_advanced.2661868645.name": "public_ghost_network",
                            "networks_advanced.3593933736.aliases.#": "1",
                            "networks_advanced.3593933736.aliases.55808161": "ghost",
                            "networks_advanced.3593933736.ipv4_address": "",
                            "networks_advanced.3593933736.ipv6_address": "",
                            "networks_advanced.3593933736.name": "ghost_mysql_internal",
                            "pid_mode": "",
                            "ports.#": "1",
                            "ports.0.external": "8082",
                            "ports.0.internal": "2368",
                            "ports.0.ip": "0.0.0.0",
                            "ports.0.protocol": "tcp",
                            "privileged": "false",
                            "publish_all_ports": "false",
                            "read_only": "false",
                            "restart": "no",
                            "rm": "false",
                            "shm_size": "64",
                            "start": "true",
                            "sysctls.%": "0",
                            "tmpfs.%": "0",
                            "ulimit.#": "0",
                            "user": "",
                            "userns_mode": "",
                            "working_dir": "/var/lib/ghost"
                        },
                        "meta": {
                            "schema_version": "2"
                        },
                        "tainted": false
                    },
                    "deposed": [],
                    "provider": "provider.docker"
                },
                "docker_container.mysql_container": {
                    "type": "docker_container",
                    "depends_on": [
                        "docker_image.mysql_image",
                        "docker_network.private_bridge_network"
                    ],
                    "primary": {
                        "id": "0f30f16858df32bc3c10ecb8923ce3565017b855dfd26e2b6af134bfd5c5022d",
                        "attributes": {
                            "attach": "false",
                            "bridge": "",
                            "command.#": "1",
                            "command.0": "mysqld",
                            "cpu_set": "",
                            "cpu_shares": "0",
                            "devices.#": "0",
                            "dns.#": "0",
                            "dns_opts.#": "0",
                            "dns_search.#": "0",
                            "domainname": "",
                            "entrypoint.#": "1",
                            "entrypoint.0": "docker-entrypoint.sh",
                            "env.#": "5",
                            "env.1827816": "PATH=/usr/local/sbin:/usr/local/bin:/usr/sbin:/usr/bin:/sbin:/bin",
                            "env.1963307837": "MYSQL_ROOT_PASSWORD=P4sSw0rd0!",
                            "env.3938428504": "MYSQL_MAJOR=5.7",
                            "env.415414491": "GOSU_VERSION=1.12",
                            "env.87922481": "MYSQL_VERSION=5.7.29-1debian10",
                            "gateway": "172.22.0.1",
                            "group_add.#": "0",
                            "host.#": "0",
                            "hostname": "0f30f16858df",
                            "id": "0f30f16858df32bc3c10ecb8923ce3565017b855dfd26e2b6af134bfd5c5022d",
                            "image": "sha256:273c7fcf949948fcbc5759042b26c65555803bbe8c9f73944fe6d9dd9d37dc6f",
                            "ip_address": "172.22.0.2",
                            "ip_prefix_length": "16",
                            "ipc_mode": "private",
                            "labels.#": "0",
                            "links.#": "0",
                            "log_driver": "json-file",
                            "log_opts.%": "0",
                            "logs": "false",
                            "max_retry_count": "0",
                            "memory": "0",
                            "memory_swap": "0",
                            "mounts.#": "0",
                            "must_run": "true",
                            "name": "ghost_database",
                            "network_data.#": "1",
                            "network_data.0.gateway": "172.22.0.1",
                            "network_data.0.ip_address": "172.22.0.2",
                            "network_data.0.ip_prefix_length": "16",
                            "network_data.0.network_name": "ghost_mysql_internal",
                            "network_mode": "default",
                            "networks_advanced.#": "1",
                            "networks_advanced.2205594070.aliases.#": "1",
                            "networks_advanced.2205594070.aliases.3824466984": "db",
                            "networks_advanced.2205594070.ipv4_address": "",
                            "networks_advanced.2205594070.ipv6_address": "",
                            "networks_advanced.2205594070.name": "ghost_mysql_internal",
                            "pid_mode": "",
                            "ports.#": "0",
                            "privileged": "false",
                            "publish_all_ports": "false",
                            "read_only": "false",
                            "restart": "no",
                            "rm": "false",
                            "shm_size": "64",
                            "start": "true",
                            "sysctls.%": "0",
                            "tmpfs.%": "0",
                            "ulimit.#": "0",
                            "user": "",
                            "userns_mode": "",
                            "working_dir": ""
                        },
                        "meta": {
                            "schema_version": "2"
                        },
                        "tainted": false
                    },
                    "deposed": [],
                    "provider": "provider.docker"
                },
                "docker_image.ghost_image": {
                    "type": "docker_image",
                    "depends_on": [],
                    "primary": {
                        "id": "sha256:352271b44b88c29793db5d23aab59303426c8697fc09f0e9fda95f4eb59d25c7ghost:alpine",
                        "attributes": {
                            "id": "sha256:352271b44b88c29793db5d23aab59303426c8697fc09f0e9fda95f4eb59d25c7ghost:alpine",
                            "latest": "sha256:352271b44b88c29793db5d23aab59303426c8697fc09f0e9fda95f4eb59d25c7",
                            "name": "ghost:alpine"
                        },
                        "meta": {},
                        "tainted": false
                    },
                    "deposed": [],
                    "provider": "provider.docker"
                },
                "docker_image.mysql_image": {
                    "type": "docker_image",
                    "depends_on": [],
                    "primary": {
                        "id": "sha256:273c7fcf949948fcbc5759042b26c65555803bbe8c9f73944fe6d9dd9d37dc6fmysql:5.7",
                        "attributes": {
                            "id": "sha256:273c7fcf949948fcbc5759042b26c65555803bbe8c9f73944fe6d9dd9d37dc6fmysql:5.7",
                            "latest": "sha256:273c7fcf949948fcbc5759042b26c65555803bbe8c9f73944fe6d9dd9d37dc6f",
                            "name": "mysql:5.7"
                        },
                        "meta": {},
                        "tainted": false
                    },
                    "deposed": [],
                    "provider": "provider.docker"
                },
                "docker_network.private_bridge_network": {
                    "type": "docker_network",
                    "depends_on": [],
                    "primary": {
                        "id": "a80460a1d39d2a8bcfbb1c80a4785429e6769ee28adfe17256bd828915ec983f",
                        "attributes": {
                            "attachable": "false",
                            "driver": "bridge",
                            "id": "a80460a1d39d2a8bcfbb1c80a4785429e6769ee28adfe17256bd828915ec983f",
                            "ingress": "false",
                            "internal": "true",
                            "ipam_config.#": "1",
                            "ipam_config.3410806427.aux_address.%": "0",
                            "ipam_config.3410806427.gateway": "172.22.0.1",
                            "ipam_config.3410806427.ip_range": "",
                            "ipam_config.3410806427.subnet": "172.22.0.0/16",
                            "ipam_driver": "default",
                            "ipv6": "false",
                            "labels.#": "0",
                            "name": "ghost_mysql_internal",
                            "options.%": "0",
                            "scope": "local"
                        },
                        "meta": {
                            "schema_version": "1"
                        },
                        "tainted": false
                    },
                    "deposed": [],
                    "provider": "provider.docker"
                },
                "docker_network.public_bridge_network": {
                    "type": "docker_network",
                    "depends_on": [],
                    "primary": {
                        "id": "c7fbdc09a28d95200c2c97cffb1719816da102131ad7d2889cf7ee708ca2e26f",
                        "attributes": {
                            "attachable": "false",
                            "driver": "bridge",
                            "id": "c7fbdc09a28d95200c2c97cffb1719816da102131ad7d2889cf7ee708ca2e26f",
                            "ingress": "false",
                            "internal": "false",
                            "ipam_config.#": "1",
                            "ipam_config.2829108542.aux_address.%": "0",
                            "ipam_config.2829108542.gateway": "172.21.0.1",
                            "ipam_config.2829108542.ip_range": "",
                            "ipam_config.2829108542.subnet": "172.21.0.0/16",
                            "ipam_driver": "default",
                            "ipv6": "false",
                            "labels.#": "0",
                            "name": "public_ghost_network",
                            "options.%": "0",
                            "scope": "local"
                        },
                        "meta": {
                            "schema_version": "1"
                        },
                        "tainted": false
                    },
                    "deposed": [],
                    "provider": "provider.docker"
                },
                "null_resource.sleep": {
                    "type": "null_resource",
                    "depends_on": [
                        "docker_container.mysql_container"
                    ],
                    "primary": {
                        "id": "8357683101742446264",
                        "attributes": {
                            "id": "8357683101742446264"
                        },
                        "meta": {},
                        "tainted": false
                    },
                    "deposed": [],
                    "provider": "provider.null"
                }
            },
            "depends_on": []
        }
    ]
}
